
Microsoft Visual Studio Solution File, Format Version 12.00
# Visual Studio Version 17
VisualStudioVersion = 17.7.34031.279
MinimumVisualStudioVersion = 10.0.40219.1
Project("{FAE04EC0-301F-11D3-BF4B-00C04F79EFBC}") = "Day 11.1", "Day 11.1\Day 11.1.csproj", "{448181E5-32D9-4DFA-B7F1-C9C53589A834}"
EndProject
Global
	GlobalSection(SolutionConfigurationPlatforms) = preSolution
		Debug|Any CPU = Debug|Any CPU
		Release|Any CPU = Release|Any CPU
	EndGlobalSection
	GlobalSection(ProjectConfigurationPlatforms) = postSolution
		{448181E5-32D9-4DFA-B7F1-C9C53589A834}.Debug|Any CPU.ActiveCfg = Debug|Any CPU
		{448181E5-32D9-4DFA-B7F1-C9C53589A834}.Debug|Any CPU.Build.0 = Debug|Any CPU
		{448181E5-32D9-4DFA-B7F1-C9C53589A834}.Release|Any CPU.ActiveCfg = Release|Any CPU
		{448181E5-32D9-4DFA-B7F1-C9C53589A834}.Release|Any CPU.Build.0 = Release|Any CPU
	EndGlobalSection
	GlobalSection(SolutionProperties) = preSolution
		HideSolutionNode = FALSE
	EndGlobalSection
	GlobalSection(ExtensibilityGlobals) = postSolution
		SolutionGuid = {A3CDC1AA-4203-4418-98F3-4ED31D3032BD}
	EndGlobalSection
EndGlobal
